{
  "name": "my-bot",
  "version": "1.0.0",
  "lockfileVersion": 2,
  "requires": true,
  "dependencies": {
    "discord.js": {
      "version": "12.5.3",
      "resolved": "https://registry.npmjs.org/discord.js/-/discord.js-12.5.3.tgz",
      "integrity": "sha512-rSwGxW8F2hXmRSypIaNH50l1wW8pFXLFbRgCDkaYmDihOdOxT6KR0TMyPfIJeaUJjKwqO6Qet4yUgYsUdIH6OA==",
      "requires": {
        "@discordjs/rest": "^0.1.0",
        "@discordjs/voice": "^0.6.0",
        "@sindresorhus/is": "^0.14.0",
        "abort-controller": "^3.0.0",
        "bufferutil": "^4.0.1",
        "erlpack": "^5.0.0",
        "node-fetch": "^2.6.1",
        "opusscript": "^0.0.8",
        "prism-media": "^1.2.2",
        "tweetnacl": "^1.0.3",
        "ws": "^7.4.1"
      }
    },
    "dotenv": {
      "version": "10.0.0",
      "resolved": "https://registry.npmjs.org/dotenv/-/dotenv-10.0.0.tgz",
      "integrity": "sha512-vAV/1ZNejG33P6tE4Oy4gG0QITQ0uBycBmSbZgJ6Uk3q0nwDvkKAuh/vMfcM/iI9X3NKJvHdye5r5RjwRfES2Q=="
    },
    "noblox.js": {
      "version": "4.6.10",
      "resolved": "https://registry.npmjs.org/noblox.js/-/noblox.js-4.6.10.tgz",
      "integrity": "sha512-lMj1v0kxOzzws1yqKSKSQXq0vJdP5W5rZc+j1G0z2fBEE4E4Sw4kRksydnX7VnOfIDvpSryS+uU6w3g6qLl+og==",
      "requires": {
        "axios": "^0.21.1",
        "big-integer": "^1.6.48",
        "discord.js": "^12.5.3",
        "node-fetch": "^2.6.1",
        "qrcode": "^1.4.4",
        "request": "^2.88.2",
        "request-promise": "^4.2.6",
        "ws": "^7.4.1"
      }
    }
  }
}